
Microsoft Visual Studio Solution File, Format Version 12.00
# Visual Studio Version 16
VisualStudioVersion = 16.0.32106.194
MinimumVisualStudioVersion = 10.0.40219.1
Project("{FAE04EC0-301F-11D3-BF4B-00C04F79EFBC}") = "EnhancedSpectator", "EnhancedSpectator\EnhancedSpectator.csproj", "{AD2F8592-B408-49E8-B12B-F7B70966761F}"
EndProject
Global
	GlobalSection(SolutionConfigurationPlatforms) = preSolution
		Debug|Any CPU = Debug|Any CPU
		Release|Any CPU = Release|Any CPU
	EndGlobalSection
	GlobalSection(ProjectConfigurationPlatforms) = postSolution
		{AD2F8592-B408-49E8-B12B-F7B70966761F}.Debug|Any CPU.ActiveCfg = Debug|Any CPU
		{AD2F8592-B408-49E8-B12B-F7B70966761F}.Debug|Any CPU.Build.0 = Debug|Any CPU
		{AD2F8592-B408-49E8-B12B-F7B70966761F}.Release|Any CPU.ActiveCfg = Release|Any CPU
		{AD2F8592-B408-49E8-B12B-F7B70966761F}.Release|Any CPU.Build.0 = Release|Any CPU
	EndGlobalSection
	GlobalSection(SolutionProperties) = preSolution
		HideSolutionNode = FALSE
	EndGlobalSection
	GlobalSection(ExtensibilityGlobals) = postSolution
		SolutionGuid = {16673836-5865-4F25-AABC-10FF36B795A3}
	EndGlobalSection
EndGlobal
